Microsoft Visual Studio Solution File, Format Version 12.00
# Visual Studio Version 17
VisualStudioVersion = 17.5.2.0
MinimumVisualStudioVersion = 10.0.40219.1
Project("{FAE04EC0-301F-11D3-BF4B-00C04F79EFBC}") = "JsonExample", "JsonExample\JsonExample.csproj", "{8E8E1F9D-FEBA-0917-CB4B-8DE6C2611629}"
EndProject
Global
	GlobalSection(SolutionConfigurationPlatforms) = preSolution
		Debug|Any CPU = Debug|Any CPU
		Release|Any CPU = Release|Any CPU
	EndGlobalSection
	GlobalSection(ProjectConfigurationPlatforms) = postSolution
		{8E8E1F9D-FEBA-0917-CB4B-8DE6C2611629}.Debug|Any CPU.ActiveCfg = Debug|Any CPU
		{8E8E1F9D-FEBA-0917-CB4B-8DE6C2611629}.Debug|Any CPU.Build.0 = Debug|Any CPU
		{8E8E1F9D-FEBA-0917-CB4B-8DE6C2611629}.Release|Any CPU.ActiveCfg = Release|Any CPU
		{8E8E1F9D-FEBA-0917-CB4B-8DE6C2611629}.Release|Any CPU.Build.0 = Release|Any CPU
	EndGlobalSection
	GlobalSection(SolutionProperties) = preSolution
		HideSolutionNode = FALSE
	EndGlobalSection
	GlobalSection(ExtensibilityGlobals) = postSolution
		SolutionGuid = {9CEDF658-8560-4B57-B28A-3AAE6B400792}
	EndGlobalSection
EndGlobal
